// !$*UTF8*$!
{
	archiveVersion = 1;
	classes = {
	};
	objectVersion = 55;
	objects = {

/* Begin PBXBuildFile section */
		FB4802DF287C60170068D9AF /* AppDelegate.swift in Sources */ = {isa = PBXBuildFile; fileRef = FB4802DE287C60170068D9AF /* AppDelegate.swift */; };
		FB4802E1287C60170068D9AF /* SceneDelegate.swift in Sources */ = {isa = PBXBuildFile; fileRef = FB4802E0287C60170068D9AF /* SceneDelegate.swift */; };
		FB4802E3287C60170068D9AF /* ChecklistViewController.swift in Sources */ = {isa = PBXBuildFile; fileRef = FB4802E2287C60170068D9AF /* ChecklistViewController.swift */; };
		FB4802E6287C60170068D9AF /* Main.storyboard in Resources */ = {isa = PBXBuildFile; fileRef = FB4802E4287C60170068D9AF /* Main.storyboard */; };
		FB4802E8287C60190068D9AF /* Assets.xcassets in Resources */ = {isa = PBXBuildFile; fileRef = FB4802E7287C60190068D9AF /* Assets.xcassets */; };
		FB4802EB287C60190068D9AF /* LaunchScreen.storyboard in Resources */ = {isa = PBXBuildFile; fileRef = FB4802E9287C60190068D9AF /* LaunchScreen.storyboard */; };
		FB4802F3287CA0CA0068D9AF /* ChecklistItem.swift in Sources */ = {isa = PBXBuildFile; fileRef = FB4802F2287CA0CA0068D9AF /* ChecklistItem.swift */; };
		FB73536E28FDFBED00F3407A /* AllListsViewController.swift in Sources */ = {isa = PBXBuildFile; fileRef = FB73536D28FDFBED00F3407A /* AllListsViewController.swift */; };
		FB735370290024B300F3407A /* Checklist.swift in Sources */ = {isa = PBXBuildFile; fileRef = FB73536F290024B300F3407A /* Checklist.swift */; };
		FBD7D43728F593B500A046EC /* ItemDetailViewController.swift in Sources */ = {isa = PBXBuildFile; fileRef = FBD7D43628F593B400A046EC /* ItemDetailViewController.swift */; };
/* End PBXBuildFile section */

/* Begin PBXFileReference section */
		FB4802DB287C60170068D9AF /* ListsOfChecks.app */ = {isa = PBXFileReference; explicitFileType = wrapper.application; includeInIndex = 0; path = ListsOfChecks.app; sourceTree = BUILT_PRODUCTS_DIR; };
		FB4802DE287C60170068D9AF /* AppDelegate.swift */ = {isa = PBXFileReference; lastKnownFileType = sourcecode.swift; path = AppDelegate.swift; sourceTree = "<group>"; };
		FB4802E0287C60170068D9AF /* SceneDelegate.swift */ = {isa = PBXFileReference; lastKnownFileType = sourcecode.swift; path = SceneDelegate.swift; sourceTree = "<group>"; };
		FB4802E2287C60170068D9AF /* ChecklistViewController.swift */ = {isa = PBXFileReference; lastKnownFileType = sourcecode.swift; path = ChecklistViewController.swift; sourceTree = "<group>"; };
		FB4802E5287C60170068D9AF /* Base */ = {isa = PBXFileReference; lastKnownFileType = file.storyboard; name = Base; path = Base.lproj/Main.storyboard; sourceTree = "<group>"; };
		FB4802E7287C60190068D9AF /* Assets.xcassets */ = {isa = PBXFileReference; lastKnownFileType = folder.assetcatalog; path = Assets.xcassets; sourceTree = "<group>"; };
		FB4802EA287C60190068D9AF /* Base */ = {isa = PBXFileReference; lastKnownFileType = file.storyboard; name = Base; path = Base.lproj/LaunchScreen.storyboard; sourceTree = "<group>"; };
		FB4802EC287C60190068D9AF /* Info.plist */ = {isa = PBXFileReference; lastKnownFileType = text.plist.xml; path = Info.plist; sourceTree = "<group>"; };
		FB4802F2287CA0CA0068D9AF /* ChecklistItem.swift */ = {isa = PBXFileReference; lastKnownFileType = sourcecode.swift; path = ChecklistItem.swift; sourceTree = "<group>"; };
		FB73536D28FDFBED00F3407A /* AllListsViewController.swift */ = {isa = PBXFileReference; lastKnownFileType = sourcecode.swift; path = AllListsViewController.swift; sourceTree = "<group>"; };
		FB73536F290024B300F3407A /* Checklist.swift */ = {isa = PBXFileReference; lastKnownFileType = sourcecode.swift; path = Checklist.swift; sourceTree = "<group>"; };
		FBD7D43628F593B400A046EC /* ItemDetailViewController.swift */ = {isa = PBXFileReference; lastKnownFileType = sourcecode.swift; path = ItemDetailViewController.swift; sourceTree = "<group>"; };
/* End PBXFileReference section */

/* Begin PBXFrameworksBuildPhase section */
		FB4802D8287C60170068D9AF /* Frameworks */ = {
			isa = PBXFrameworksBuildPhase;
			buildActionMask = 2147483647;
			files = (
			);
			runOnlyForDeploymentPostprocessing = 0;
		};
/* End PBXFrameworksBuildPhase section */

/* Begin PBXGroup section */
		FB4802D2287C60160068D9AF = {
			isa = PBXGroup;
			children = (
				FB4802DD287C60170068D9AF /* ListsOfChecks */,
				FB4802DC287C60170068D9AF /* Products */,
			);
			sourceTree = "<group>";
		};
		FB4802DC287C60170068D9AF /* Products */ = {
			isa = PBXGroup;
			children = (
				FB4802DB287C60170068D9AF /* ListsOfChecks.app */,
			);
			name = Products;
			sourceTree = "<group>";
		};
		FB4802DD287C60170068D9AF /* ListsOfChecks */ = {
			isa = PBXGroup;
			children = (
				FB4802DE287C60170068D9AF /* AppDelegate.swift */,
				FB4802E0287C60170068D9AF /* SceneDelegate.swift */,
				FB73536D28FDFBED00F3407A /* AllListsViewController.swift */,
				FB4802E2287C60170068D9AF /* ChecklistViewController.swift */,
				FBD7D43628F593B400A046EC /* ItemDetailViewController.swift */,
				FB4802E4287C60170068D9AF /* Main.storyboard */,
				FB4802E7287C60190068D9AF /* Assets.xcassets */,
				FB4802E9287C60190068D9AF /* LaunchScreen.storyboard */,
				FB4802EC287C60190068D9AF /* Info.plist */,
				FB73536F290024B300F3407A /* Checklist.swift */,
				FB4802F2287CA0CA0068D9AF /* ChecklistItem.swift */,
			);
			path = ListsOfChecks;
			sourceTree = "<group>";
		};
/* End PBXGroup section */

/* Begin PBXNativeTarget section */
		FB4802DA287C60170068D9AF /* ListsOfChecks */ = {
			isa = PBXNativeTarget;
			buildConfigurationList = FB4802EF287C60190068D9AF /* Build configuration list for PBXNativeTarget "ListsOfChecks" */;
			buildPhases = (
				FB4802D7287C60170068D9AF /* Sources */,
				FB4802D8287C60170068D9AF /* Frameworks */,
				FB4802D9287C60170068D9AF /* Resources */,
			);
			buildRules = (
			);
			dependencies = (
			);
			name = ListsOfChecks;
			productName = ListsOfChecks;
			productReference = FB4802DB287C60170068D9AF /* ListsOfChecks.app */;
			productType = "com.apple.product-type.application";
		};
/* End PBXNativeTarget section */

/* Begin PBXProject section */
		FB4802D3287C60170068D9AF /* Project object */ = {
			isa = PBXProject;
			attributes = {
				BuildIndependentTargetsInParallel = 1;
				LastSwiftUpdateCheck = 1310;
				LastUpgradeCheck = 1310;
				TargetAttributes = {
					FB4802DA287C60170068D9AF = {
						CreatedOnToolsVersion = 13.1;
					};
				};
			};
			buildConfigurationList = FB4802D6287C60170068D9AF /* Build configuration list for PBXProject "ListsOfChecks" */;
			compatibilityVersion = "Xcode 13.0";
			developmentRegion = en;
			hasScannedForEncodings = 0;
			knownRegions = (
				en,
				Base,
			);
			mainGroup = FB4802D2287C60160068D9AF;
			productRefGroup = FB4802DC287C60170068D9AF /* Products */;
			projectDirPath = "";
			projectRoot = "";
			targets = (
				FB4802DA287C60170068D9AF /* ListsOfChecks */,
			);
		};
/* End PBXProject section */

/* Begin PBXResourcesBuildPhase section */
		FB4802D9287C60170068D9AF /* Resources */ = {
			isa = PBXResourcesBuildPhase;
			buildActionMask = 2147483647;
			files = (
				FB4802EB287C60190068D9AF /* LaunchScreen.storyboard in Resources */,
				FB4802E8287C60190068D9AF /* Assets.xcassets in Resources */,
				FB4802E6287C60170068D9AF /* Main.storyboard in Resources */,
			);
			runOnlyForDeploymentPostprocessing = 0;
		};
/* End PBXResourcesBuildPhase section */

/* Begin PBXSourcesBuildPhase section */
		FB4802D7287C60170068D9AF /* Sources */ = {
			isa = PBXSourcesBuildPhase;
			buildActionMask = 2147483647;
			files = (
				FBD7D43728F593B500A046EC /* ItemDetailViewController.swift in Sources */,
				FB4802E3287C60170068D9AF /* ChecklistViewController.swift in Sources */,
				FB73536E28FDFBED00F3407A /* AllListsViewController.swift in Sources */,
				FB4802DF287C60170068D9AF /* AppDelegate.swift in Sources */,
				FB4802E1287C60170068D9AF /* SceneDelegate.swift in Sources */,
				FB4802F3287CA0CA0068D9AF /* ChecklistItem.swift in Sources */,
				FB735370290024B300F3407A /* Checklist.swift in Sources */,
			);
			runOnlyForDeploymentPostprocessing = 0;
		};
/* End PBXSourcesBuildPhase section */

/* Begin PBXVariantGroup section */
		FB4802E4287C60170068D9AF /* Main.storyboard */ = {
			isa = PBXVariantGroup;
			children = (
				FB4802E5287C60170068D9AF /* Base */,
			);
			name = Main.storyboard;
			sourceTree = "<group>";
		};
		FB4802E9287C60190068D9AF /* LaunchScreen.storyboard */ = {
			isa = PBXVariantGroup;
			children = (
				FB4802EA287C60190068D9AF /* Base */,
			);
			name = LaunchScreen.storyboard;
			sourceTree = "<group>";
		};
/* End PBXVariantGroup section */

/* Begin XCBuildConfiguration section */
		FB4802ED287C60190068D9AF /* Debug */ = {
			isa = XCBuildConfiguration;
			buildSettings = {
				ALWAYS_SEARCH_USER_PATHS = NO;
				CLANG_ANALYZER_NONNULL = YES;
				CLANG_ANALYZER_NUMBER_OBJECT_CONVERSION = YES_AGGRESSIVE;
				CLANG_CXX_LANGUAGE_STANDARD = "gnu++17";
				CLANG_CXX_LIBRARY = "libc++";
				CLANG_ENABLE_MODULES = YES;
				CLANG_ENABLE_OBJC_ARC = YES;
				CLANG_ENABLE_OBJC_WEAK = YES;
				CLANG_WARN_BLOCK_CAPTURE_AUTORELEASING = YES;
				CLANG_WARN_BOOL_CONVERSION = YES;
				CLANG_WARN_COMMA = YES;
				CLANG_WARN_CONSTANT_CONVERSION = YES;
				CLANG_WARN_DEPRECATED_OBJC_IMPLEMENTATIONS = YES;
				CLANG_WARN_DIRECT_OBJC_ISA_USAGE = YES_ERROR;
				CLANG_WARN_DOCUMENTATION_COMMENTS = YES;
				CLANG_WARN_EMPTY_BODY = YES;
				CLANG_WARN_ENUM_CONVERSION = YES;
				CLANG_WARN_INFINITE_RECURSION = YES;
				CLANG_WARN_INT_CONVERSION = YES;
				CLANG_WARN_NON_LITERAL_NULL_CONVERSION = YES;
				CLANG_WARN_OBJC_IMPLICIT_RETAIN_SELF = YES;
				CLANG_WARN_OBJC_LITERAL_CONVERSION = YES;
				CLANG_WARN_OBJC_ROOT_CLASS = YES_ERROR;
				CLANG_WARN_QUOTED_INCLUDE_IN_FRAMEWORK_HEADER = YES;
				CLANG_WARN_RANGE_LOOP_ANALYSIS = YES;
				CLANG_WARN_STRICT_PROTOTYPES = YES;
				CLANG_WARN_SUSPICIOUS_MOVE = YES;
				CLANG_WARN_UNGUARDED_AVAILABILITY = YES_AGGRESSIVE;
				CLANG_WARN_UNREACHABLE_CODE = YES;
				CLANG_WARN__DUPLICATE_METHOD_MATCH = YES;
				COPY_PHASE_STRIP = NO;
				DEBUG_INFORMATION_FORMAT = dwarf;
				ENABLE_STRICT_OBJC_MSGSEND = YES;
				ENABLE_TESTABILITY = YES;
				GCC_C_LANGUAGE_STANDARD = gnu11;
				GCC_DYNAMIC_NO_PIC = NO;
				GCC_NO_COMMON_BLOCKS = YES;
				GCC_OPTIMIZATION_LEVEL = 0;
				GCC_PREPROCESSOR_DEFINITIONS = (
					"DEBUG=1",
					"$(inherited)",
				);
				GCC_WARN_64_TO_32_BIT_CONVERSION = YES;
				GCC_WARN_ABOUT_RETURN_TYPE = YES_ERROR;
				GCC_WARN_UNDECLARED_SELECTOR = YES;
				GCC_WARN_UNINITIALIZED_AUTOS = YES_AGGRESSIVE;
				GCC_WARN_UNUSED_FUNCTION = YES;
				GCC_WARN_UNUSED_VARIABLE = YES;
				IPHONEOS_DEPLOYMENT_TARGET = 15.0;
				MTL_ENABLE_DEBUG_INFO = INCLUDE_SOURCE;
				MTL_FAST_MATH = YES;
				ONLY_ACTIVE_ARCH = YES;
				SDKROOT = iphoneos;
				SWIFT_ACTIVE_COMPILATION_CONDITIONS = DEBUG;
				SWIFT_OPTIMIZATION_LEVEL = "-Onone";
			};
			name = Debug;
		};
		FB4802EE287C60190068D9AF /* Release */ = {
			isa = XCBuildConfiguration;
			buildSettings = {
				ALWAYS_SEARCH_USER_PATHS = NO;
				CLANG_ANALYZER_NONNULL = YES;
				CLANG_ANALYZER_NUMBER_OBJECT_CONVERSION = YES_AGGRESSIVE;
				CLANG_CXX_LANGUAGE_STANDARD = "gnu++17";
				CLANG_CXX_LIBRARY = "libc++";
				CLANG_ENABLE_MODULES = YES;
				CLANG_ENABLE_OBJC_ARC = YES;
				CLANG_ENABLE_OBJC_WEAK = YES;
				CLANG_WARN_BLOCK_CAPTURE_AUTORELEASING = YES;
				CLANG_WARN_BOOL_CONVERSION = YES;
				CLANG_WARN_COMMA = YES;
				CLANG_WARN_CONSTANT_CONVERSION = YES;
				CLANG_WARN_DEPRECATED_OBJC_IMPLEMENTATIONS = YES;
				CLANG_WARN_DIRECT_OBJC_ISA_USAGE = YES_ERROR;
				CLANG_WARN_DOCUMENTATION_COMMENTS = YES;
				CLANG_WARN_EMPTY_BODY = YES;
				CLANG_WARN_ENUM_CONVERSION = YES;
				CLANG_WARN_INFINITE_RECURSION = YES;
				CLANG_WARN_INT_CONVERSION = YES;
				CLANG_WARN_NON_LITERAL_NULL_CONVERSION = YES;
				CLANG_WARN_OBJC_IMPLICIT_RETAIN_SELF = YES;
				CLANG_WARN_OBJC_LITERAL_CONVERSION = YES;
				CLANG_WARN_OBJC_ROOT_CLASS = YES_ERROR;
				CLANG_WARN_QUOTED_INCLUDE_IN_FRAMEWORK_HEADER = YES;
				CLANG_WARN_RANGE_LOOP_ANALYSIS = YES;
				CLANG_WARN_STRICT_PROTOTYPES = YES;
				CLANG_WARN_SUSPICIOUS_MOVE = YES;
				CLANG_WARN_UNGUARDED_AVAILABILITY = YES_AGGRESSIVE;
				CLANG_WARN_UNREACHABLE_CODE = YES;
				CLANG_WARN__DUPLICATE_METHOD_MATCH = YES;
				COPY_PHASE_STRIP = NO;
				DEBUG_INFORMATION_FORMAT = "dwarf-with-dsym";
				ENABLE_NS_ASSERTIONS = NO;
				ENABLE_STRICT_OBJC_MSGSEND = YES;
				GCC_C_LANGUAGE_STANDARD = gnu11;
				GCC_NO_COMMON_BLOCKS = YES;
				GCC_WARN_64_TO_32_BIT_CONVERSION = YES;
				GCC_WARN_ABOUT_RETURN_TYPE = YES_ERROR;
				GCC_WARN_UNDECLARED_SELECTOR = YES;
				GCC_WARN_UNINITIALIZED_AUTOS = YES_AGGRESSIVE;
				GCC_WARN_UNUSED_FUNCTION = YES;
				GCC_WARN_UNUSED_VARIABLE = YES;
				IPHONEOS_DEPLOYMENT_TARGET = 15.0;
				MTL_ENABLE_DEBUG_INFO = NO;
				MTL_FAST_MATH = YES;
				SDKROOT = iphoneos;
				SWIFT_COMPILATION_MODE = wholemodule;
				SWIFT_OPTIMIZATION_LEVEL = "-O";
				VALIDATE_PRODUCT = YES;
			};
			name = Release;
		};
		FB4802F0287C60190068D9AF /* Debug */ = {
			isa = XCBuildConfiguration;
			buildSettings = {
				ASSETCATALOG_COMPILER_APPICON_NAME = AppIcon;
				ASSETCATALOG_COMPILER_GLOBAL_ACCENT_COLOR_NAME = AccentColor;
				CODE_SIGN_STYLE = Automatic;
				CURRENT_PROJECT_VERSION = 1;
				DEVELOPMENT_TEAM = 9UB7ZHBJQ4;
				GENERATE_INFOPLIST_FILE = YES;
				INFOPLIST_FILE = ListsOfChecks/Info.plist;
				INFOPLIST_KEY_UIApplicationSupportsIndirectInputEvents = YES;
				INFOPLIST_KEY_UILaunchStoryboardName = LaunchScreen;
				INFOPLIST_KEY_UIMainStoryboardFile = Main;
				INFOPLIST_KEY_UISupportedInterfaceOrientations = UIInterfaceOrientationPortrait;
				INFOPLIST_KEY_UISupportedInterfaceOrientations_iPad = "UIInterfaceOrientationPortrait UIInterfaceOrientationPortraitUpsideDown UIInterfaceOrientationLandscapeLeft UIInterfaceOrientationLandscapeRight";
				INFOPLIST_KEY_UISupportedInterfaceOrientations_iPhone = "UIInterfaceOrientationPortrait UIInterfaceOrientationLandscapeLeft UIInterfaceOrientationLandscapeRight";
				IPHONEOS_DEPLOYMENT_TARGET = 13.0;
				LD_RUNPATH_SEARCH_PATHS = (
					"$(inherited)",
					"@executable_path/Frameworks",
				);
				MARKETING_VERSION = 1.0;
				PRODUCT_BUNDLE_IDENTIFIER = com.denizcengiz.ListsOfChecks;
				PRODUCT_NAME = "$(TARGET_NAME)";
				SWIFT_EMIT_LOC_STRINGS = YES;
				SWIFT_VERSION = 5.0;
				TARGETED_DEVICE_FAMILY = "1,2";
			};
			name = Debug;
		};
		FB4802F1287C60190068D9AF /* Release */ = {
			isa = XCBuildConfiguration;
			buildSettings = {
				ASSETCATALOG_COMPILER_APPICON_NAME = AppIcon;
				ASSETCATALOG_COMPILER_GLOBAL_ACCENT_COLOR_NAME = AccentColor;
				CODE_SIGN_STYLE = Automatic;
				CURRENT_PROJECT_VERSION = 1;
				DEVELOPMENT_TEAM = 9UB7ZHBJQ4;
				GENERATE_INFOPLIST_FILE = YES;
				INFOPLIST_FILE = ListsOfChecks/Info.plist;
				INFOPLIST_KEY_UIApplicationSupportsIndirectInputEvents = YES;
				INFOPLIST_KEY_UILaunchStoryboardName = LaunchScreen;
				INFOPLIST_KEY_UIMainStoryboardFile = Main;
				INFOPLIST_KEY_UISupportedInterfaceOrientations = UIInterfaceOrientationPortrait;
				INFOPLIST_KEY_UISupportedInterfaceOrientations_iPad = "UIInterfaceOrientationPortrait UIInterfaceOrientationPortraitUpsideDown UIInterfaceOrientationLandscapeLeft UIInterfaceOrientationLandscapeRight";
				INFOPLIST_KEY_UISupportedInterfaceOrientations_iPhone = "UIInterfaceOrientationPortrait UIInterfaceOrientationLandscapeLeft UIInterfaceOrientationLandscapeRight";
				IPHONEOS_DEPLOYMENT_TARGET = 13.0;
				LD_RUNPATH_SEARCH_PATHS = (
					"$(inherited)",
					"@executable_path/Frameworks",
				);
				MARKETING_VERSION = 1.0;
				PRODUCT_BUNDLE_IDENTIFIER = com.denizcengiz.ListsOfChecks;
				PRODUCT_NAME = "$(TARGET_NAME)";
				SWIFT_EMIT_LOC_STRINGS = YES;
				SWIFT_VERSION = 5.0;
				TARGETED_DEVICE_FAMILY = "1,2";
			};
			name = Release;
		};
/* End XCBuildConfiguration section */

/* Begin XCConfigurationList section */
		FB4802D6287C60170068D9AF /* Build configuration list for PBXProject "ListsOfChecks" */ = {
			isa = XCConfigurationList;
			buildConfigurations = (
				FB4802ED287C60190068D9AF /* Debug */,
				FB4802EE287C60190068D9AF /* Release */,
			);
			defaultConfigurationIsVisible = 0;
			defaultConfigurationName = Release;
		};
		FB4802EF287C60190068D9AF /* Build configuration list for PBXNativeTarget "ListsOfChecks" */ = {
			isa = XCConfigurationList;
			buildConfigurations = (
				FB4802F0287C60190068D9AF /* Debug */,
				FB4802F1287C60190068D9AF /* Release */,
			);
			defaultConfigurationIsVisible = 0;
			defaultConfigurationName = Release;
		};
/* End XCConfigurationList section */
	};
	rootObject = FB4802D3287C60170068D9AF /* Project object */;
}
